
Microsoft Visual Studio Solution File, Format Version 12.00
# Visual Studio Version 17
VisualStudioVersion = 17.10.35122.118
MinimumVisualStudioVersion = 10.0.40219.1
Project("{FAE04EC0-301F-11D3-BF4B-00C04F79EFBC}") = "newApplicationCRUD", "newApplicationCRUD\newApplicationCRUD.csproj", "{A7BA186B-81DD-4A1E-A115-0846C7FBC042}"
EndProject
Project("{2150E333-8FDC-42A3-9474-1A3956D46DE8}") = "Solution Items", "Solution Items", "{C2D35439-58BE-4ECA-8751-E117F02F68D6}"
EndProject
Global
	GlobalSection(SolutionConfigurationPlatforms) = preSolution
		Debug|Any CPU = Debug|Any CPU
		Release|Any CPU = Release|Any CPU
	EndGlobalSection
	GlobalSection(ProjectConfigurationPlatforms) = postSolution
		{A7BA186B-81DD-4A1E-A115-0846C7FBC042}.Debug|Any CPU.ActiveCfg = Debug|Any CPU
		{A7BA186B-81DD-4A1E-A115-0846C7FBC042}.Debug|Any CPU.Build.0 = Debug|Any CPU
		{A7BA186B-81DD-4A1E-A115-0846C7FBC042}.Release|Any CPU.ActiveCfg = Release|Any CPU
		{A7BA186B-81DD-4A1E-A115-0846C7FBC042}.Release|Any CPU.Build.0 = Release|Any CPU
	EndGlobalSection
	GlobalSection(SolutionProperties) = preSolution
		HideSolutionNode = FALSE
	EndGlobalSection
	GlobalSection(ExtensibilityGlobals) = postSolution
		SolutionGuid = {F2E688FF-2724-4603-A65D-B92F4D5084FA}
	EndGlobalSection
EndGlobal
